
Microsoft Visual Studio Solution File, Format Version 12.00
# Visual Studio Version 17
VisualStudioVersion = 17.8.34511.84
MinimumVisualStudioVersion = 10.0.40219.1
Project("{888888A0-9F3D-457C-B088-3A5042F75D52}") = "NEA", "PythonApplication2\NEA.pyproj", "{3E752DE4-C54C-4672-AD44-95BE37C691C0}"
EndProject
Project("{2150E333-8FDC-42A3-9474-1A3956D46DE8}") = "Solution Items", "Solution Items", "{E1295BC6-EB97-4977-8D45-1B18472B7515}"
	ProjectSection(SolutionItems) = preProject
		..\..\..\Downloads\coordinates.png = ..\..\..\Downloads\coordinates.png
	EndProjectSection
EndProject
Global
	GlobalSection(SolutionConfigurationPlatforms) = preSolution
		Debug|Any CPU = Debug|Any CPU
		Release|Any CPU = Release|Any CPU
	EndGlobalSection
	GlobalSection(ProjectConfigurationPlatforms) = postSolution
		{3E752DE4-C54C-4672-AD44-95BE37C691C0}.Debug|Any CPU.ActiveCfg = Debug|Any CPU
		{3E752DE4-C54C-4672-AD44-95BE37C691C0}.Release|Any CPU.ActiveCfg = Release|Any CPU
	EndGlobalSection
	GlobalSection(SolutionProperties) = preSolution
		HideSolutionNode = FALSE
	EndGlobalSection
	GlobalSection(ExtensibilityGlobals) = postSolution
		SolutionGuid = {79D41F0C-7CEC-4CC5-9162-9B6AC78D38C5}
	EndGlobalSection
EndGlobal
